# This file may be used to create an environment using:
# $ conda create --name <env> --file <this file>
# platform: linux-64
@EXPLICIT
https://conda.anaconda.org/conda-forge/linux-64/_libgcc_mutex-0.1-conda_forge.tar.bz2#d7c89558ba9fa0495403155b64376d81
https://conda.anaconda.org/intel/linux-64/blas-1.0-mkl.tar.bz2#751c2c5b239a728db05f91374aaac3a1
https://conda.anaconda.org/intel/linux-64/ca-certificates-2022.10.11-h06a4308_0.tar.bz2#2aa9b8c9f0e0c83dfa5a28d274e2fdc8
https://conda.anaconda.org/psi4/linux-64/dftd3-3.2.1-h84218bc_2.tar.bz2#d0f68439ef355e10d6e4954cf4645685
https://conda.anaconda.org/psi4/linux-64/dkh-1.2-h173d85e_2.tar.bz2#dc3ae86751f51366d7073777643b4647
https://conda.anaconda.org/psi4/linux-64/gcp-2.0.2-he991be0_2.tar.bz2#f1d0abe9bc73a1dffcdaa1f60ff336d8
https://conda.anaconda.org/psi4/linux-64/gdma-2.2.6-h0e1e685_6.tar.bz2#387345bea0be36c401792bbfc0d1e5e2
https://conda.anaconda.org/intel/linux-64/intel-openmp-2023.0.0-intel_25370.tar.bz2#85a038e377f1c2c99b59d027a318d156
https://conda.anaconda.org/intel/linux-64/intelpython-2023.0.0-1.tar.bz2#219d118310df690d3dd87cc8fb64c0e5
https://conda.anaconda.org/conda-forge/linux-64/libgfortran4-7.5.0-h14aa051_20.tar.bz2#a072eab836c3a9578ce72b5640ce592d
https://conda.anaconda.org/conda-forge/linux-64/libstdcxx-ng-12.2.0-h46fd767_19.tar.bz2#1030b1f38c129f2634eae026f704fe60
https://conda.anaconda.org/psi4/linux-64/simint-0.7-h642920c_1.tar.bz2#b170f439ee03b22c7ebcc4f90404b172
https://conda.anaconda.org/intel/linux-64/tbb-2021.8.0-intel_25334.tar.bz2#4e347e47bf239ffc0fb373b96fe2a227
https://conda.anaconda.org/conda-forge/linux-64/_openmp_mutex-4.5-2_kmp_llvm.tar.bz2#562b26ba2e19059551a811e72ab7f793
https://conda.anaconda.org/conda-forge/linux-64/libgcc-ng-12.2.0-h65d4601_19.tar.bz2#e4c94f80aef025c17ab0828cd85ef535
https://conda.anaconda.org/conda-forge/linux-64/libzlib-1.2.13-h166bdaf_4.tar.bz2#f3f9de449d32ca9b9c66a22863c96f41
https://conda.anaconda.org/conda-forge/linux-64/llvm-openmp-15.0.7-h0cdce71_0.conda#589c9a3575a050b583241c3d688ad9aa
https://conda.anaconda.org/intel/linux-64/libffi-3.3-14.tar.bz2#c27248c60e65a845940f47da61e225c0
https://conda.anaconda.org/conda-forge/linux-64/libgfortran-ng-7.5.0-h14aa051_20.tar.bz2#c3b2ad091c043c08689e64b10741484b
https://conda.anaconda.org/conda-forge/linux-64/zlib-1.2.13-h166bdaf_4.tar.bz2#4b11e365c0275b808be78b30f904e295
https://conda.anaconda.org/intel/linux-64/yaml-0.2.5-h7b6447c_0.tar.bz2#fcff4f33bb4e3fa91f8d5c3168807abb
https://conda.anaconda.org/intel/linux-64/xz-5.2.6-h5eee18b_0.tar.bz2#82ef85822b3b1deca12197d9db565aee
https://conda.anaconda.org/conda-forge/linux-64/xorg-xproto-7.0.31-h7f98852_1007.tar.bz2#b4a4381d54784606820704f7b5f05a15
https://conda.anaconda.org/conda-forge/linux-64/xorg-xextproto-7.3.0-h7f98852_1002.tar.bz2#1e15f6ad85a7d743a2ac68dae6c82b98
https://conda.anaconda.org/conda-forge/linux-64/xorg-renderproto-0.11.1-h7f98852_1002.tar.bz2#06feff3d2634e3097ce2fe681474b534
https://conda.anaconda.org/conda-forge/linux-64/xorg-libxdmcp-1.1.3-h7f98852_0.tar.bz2#be93aabceefa2fac576e971aef407908
https://conda.anaconda.org/conda-forge/linux-64/xorg-libxau-1.0.9-h7f98852_0.tar.bz2#bf6f803a544f26ebbdc3bfff272eb179
https://conda.anaconda.org/conda-forge/linux-64/xorg-libice-1.0.10-h7f98852_0.tar.bz2#d6b0b50b49eccfe0be0373be628be0f3
https://conda.anaconda.org/conda-forge/linux-64/xorg-kbproto-1.0.7-h7f98852_1002.tar.bz2#4b230e8381279d76131116660f5a241a
https://conda.anaconda.org/conda-forge/linux-64/pthread-stubs-0.4-h36c2ea0_1001.tar.bz2#22dad4df6e8630e8dff2428f6f6a7036
https://conda.anaconda.org/conda-forge/linux-64/pixman-0.40.0-h36c2ea0_0.tar.bz2#660e72c82f2e75a6b3fe6a6e75c79f19
https://conda.anaconda.org/conda-forge/linux-64/pcre-8.45-h9c3ff4c_0.tar.bz2#c05d1820a6d34ff07aaaab7a9b7eddaa
https://conda.anaconda.org/intel/linux-64/openssl-1.1.1q-h7f8727e_0.tar.bz2#ad51928702694e3f6d25b7d4229c84e6
https://conda.anaconda.org/intel/linux-64/ncurses-6.3-h5eee18b_3.tar.bz2#c5ca7fea42593496aa508ba8171f53fb
https://conda.anaconda.org/conda-forge/linux-64/mkl-2021.4.0-h8d4b97c_729.tar.bz2#584dc18ddedfda6273c25a728389189e
https://conda.anaconda.org/intel/linux-64/lz4-c-1.9.3-h688b341_1.tar.bz2#26b1020eaf3c4bf8efa2054b7d199756
https://conda.anaconda.org/psi4/linux-64/libxc-5.2.3-hfebba4c_0.tar.bz2#1d448a305e11242a68c30722234a7442
https://conda.anaconda.org/intel/linux-64/libwebp-base-1.2.0-h7f98852_3.tar.bz2#e2db23888377a3ee41c42a4a09756451
https://conda.anaconda.org/conda-forge/linux-64/libuuid-2.32.1-h7f98852_1000.tar.bz2#772d69f030955d9646d3d0eaf21d859d
https://conda.anaconda.org/psi4/linux-64/libint2-2.7.1-h2fe1556_15.tar.bz2#fac210980da86d01d69f79193c1d80c9
https://conda.anaconda.org/conda-forge/linux-64/libiconv-1.17-h166bdaf_0.tar.bz2#b62b52da46c39ee2bc3c162ac7f1804d
https://conda.anaconda.org/psi4/linux-64/libecpint-1.0.7-hfebba4c_0.tar.bz2#953e6a9b27299f45e69ba9399fcc8dfe
https://conda.anaconda.org/intel/linux-64/libdeflate-1.8-h7f8727e_5.tar.bz2#88cd43eece362464d4842f1b2f92a1de
https://conda.anaconda.org/intel/linux-64/lerc-3.0-h295c915_0.tar.bz2#88199c75f2ac211728febced7785c24e
https://conda.anaconda.org/intel/linux-64/jpeg-9e-h7f8727e_1.tar.bz2#c321f46855f41ec28ea73f923f34fb43
https://conda.anaconda.org/intel/linux-64/icu-68.1-h2531618_0.tar.bz2#de8e4da8a0b6f9a27d934c452d5756e5
https://conda.anaconda.org/conda-forge/linux-64/gettext-0.21.1-h27087fc_0.tar.bz2#14947d8770185e5153fdd04d4673ed37
https://conda.anaconda.org/psi4/linux-64/gau2grid-2.0.7-hd18ef5c_0.tar.bz2#7d735e1f317313a65c48628ce0cbfef8
https://conda.anaconda.org/conda-forge/linux-64/expat-2.5.0-h27087fc_0.tar.bz2#c4fbad8d4bddeb3c085f18cbf97fbfad
https://conda.anaconda.org/intel/linux-64/bzip2-1.0.8-hb9a14ef_9.tar.bz2#dbdc951bc10e3562bf0c86d01ef7d763
https://conda.anaconda.org/intel/linux-64/brotli-1.0.9-hf484d3e_2.tar.bz2#4ffa783fc8a6390c21727ddbff4bc537
https://conda.anaconda.org/intel/linux-64/tk-8.6.12-h1ccaba5_0.tar.bz2#5b8375e2092012db69d2123dc0c68630
https://conda.anaconda.org/intel/linux-64/libpng-1.6.37-8.tar.bz2#a06b0f57d2bdebb83bef4e2c0221fbb7
https://conda.anaconda.org/intel/linux-64/hdf5-1.10.6-hb1b8bf9_0.tar.bz2#c2a4fff8bb9066058971622f9b2b3e00
https://conda.anaconda.org/conda-forge/linux-64/libxcb-1.13-h7f98852_1004.tar.bz2#b3653fdc58d03face9724f602218a904
https://conda.anaconda.org/intel/linux-64/readline-8.2-h5eee18b_0.tar.bz2#960bf00d81e7bbdeff2c7d01ed78eaeb
https://conda.anaconda.org/conda-forge/linux-64/libblas-3.9.0-12_linux64_mkl.tar.bz2#7c015ce76785c39d15c0f93c30cbb644
https://conda.anaconda.org/intel/linux-64/zstd-1.5.2-ha4553b6_2.tar.bz2#0593c1c895ef0a575b3d0e54e96c9796
https://conda.anaconda.org/conda-forge/linux-64/xorg-libsm-1.2.3-hd9c2040_1000.tar.bz2#9e856f78d5c80d5a78f61e72d1d473a3
https://conda.anaconda.org/conda-forge/linux-64/libglib-2.68.4-h3e27bee_0.tar.bz2#23767bef4fd0fb2bda64405df72c9454
https://conda.anaconda.org/intel/linux-64/freetype-2.12.1-hb267b13_2.tar.bz2#ad0b4014b3f2408e7cd4f96d525de7dc
https://conda.anaconda.org/conda-forge/linux-64/xorg-libx11-1.7.2-h7f98852_0.tar.bz2#12a61e640b8894504326aadafccbb790
https://conda.anaconda.org/intel/linux-64/sqlite-3.40.0-h5082296_0.tar.bz2#12abdad9b7ca20d49af7211fed4d6f59
https://conda.anaconda.org/conda-forge/linux-64/xtb-6.3.3-h323e27b_1.tar.bz2#7eacd6edb71154e7f852e9c2a042ef00
https://conda.anaconda.org/conda-forge/linux-64/liblapack-3.9.0-12_linux64_mkl.tar.bz2#bb8ef22697afa520822f579c3b72d2e0
https://conda.anaconda.org/conda-forge/linux-64/libcblas-3.9.0-12_linux64_mkl.tar.bz2#4491ca8c3b6436e3377635d86faa8c44
https://conda.anaconda.org/intel/linux-64/libtiff-4.4.0-hecacb30_0.tar.bz2#08bce00dc53120e006dac33e59f197ee
https://conda.anaconda.org/conda-forge/linux-64/boost-cpp-1.74.0-h312852a_4.tar.bz2#22ee6de84c28eb7bd76802cf071c5d25
https://conda.anaconda.org/conda-forge/linux-64/fontconfig-2.14.2-h14ed4e7_0.conda#0f69b688f52ff6da70bccb7ff7001d1d
https://conda.anaconda.org/conda-forge/linux-64/xorg-libxrender-0.9.10-h7f98852_1003.tar.bz2#f59c1242cc1dd93e72c2ee2b360979eb
https://conda.anaconda.org/conda-forge/linux-64/xorg-libxext-1.3.4-h7f98852_1.tar.bz2#536cc5db4d0a3ba0630541aec064b5e4
https://conda.anaconda.org/intel/linux-64/python-3.9.15-h5cbd770_2.tar.bz2#7bd1b46fb2b079a0538d7132655a7f9f
https://conda.anaconda.org/intel/noarch/wheel-0.37.1-pyhd3eb1b0_0.tar.bz2#9800fd2a86354f58731a7ad0eb5dd537
https://conda.anaconda.org/intel/linux-64/libwebp-1.2.0-h89dd481nogiflib_1.tar.bz2#a8c4e60d0361eb0edf195760a223d180
https://conda.anaconda.org/intel/linux-64/lcms2-2.12-h3be6417_1.tar.bz2#0e283cce0487d615a8c16b76f4a2662f
https://conda.anaconda.org/conda-forge/linux-64/cairo-1.16.0-h6cf1ce9_1008.tar.bz2#a43fb47d15e116f8be4be7e6b17ab59f
https://conda.anaconda.org/intel/linux-64/certifi-2022.9.24-py39h06a4308_0.tar.bz2#6d11a1338dc2a2a951de96b541a30662
https://conda.anaconda.org/intel/linux-64/setuptools-63.4.1-py39h06a4308_0.tar.bz2#adc9783401e70d2f0c086938379052d9
https://conda.anaconda.org/intel/linux-64/pip-22.2.2-py39h06a4308_0.tar.bz2#02ba8af5f151b7c026987be70c9813a3
https://conda.anaconda.org/intel/noarch/zipp-3.6.0-pyhd3eb1b0_0.tar.bz2#aadbefd3008013a40b76321d79b790e2
https://conda.anaconda.org/conda-forge/noarch/typing_extensions-4.4.0-pyha770c72_0.tar.bz2#2d93b130d148d7fc77e583677792fc6a
https://conda.anaconda.org/intel/linux-64/tornado-6.1-py39h27cfd23_0.tar.bz2#200e86f8d53aeebf4b7dcfc944fd7920
https://conda.anaconda.org/conda-forge/noarch/tomli-2.0.1-pyhd8ed1ab_0.tar.bz2#5844808ffab9ebdb694585b50ba02a96
https://conda.anaconda.org/intel/noarch/six-1.16.0-pyhd3eb1b0_1.tar.bz2#0a3ab834ba49016e183e715bff48a2b6
https://conda.anaconda.org/intel/linux-64/pyyaml-6.0-py39h7f8727e_1.tar.bz2#df73a5d2f6e089d51e71e91935a82c65
https://conda.anaconda.org/intel/linux-64/pytz-2022.1-py39h06a4308_0.tar.bz2#4f78e6b22e43dcc597168917d225a733
https://conda.anaconda.org/intel/linux-64/python_abi-3.9-2_cp39.tar.bz2#39adde4247484de2bb4000122fdcf665
https://conda.anaconda.org/intel/linux-64/pyparsing-3.0.9-py39h06a4308_0.tar.bz2#ffceed627867508d73af1636ab5ebf42
https://conda.anaconda.org/intel/noarch/pycparser-2.21-pyhd3eb1b0_0.tar.bz2#e70944ff53d19af4f65073a4f21c7b05
https://conda.anaconda.org/intel/noarch/py-cpuinfo-8.0.0-pyhd3eb1b0_0.tar.bz2#17c1d857d33d94e17a91f9a156895734
https://conda.anaconda.org/intel/linux-64/psutil-5.8.0-py39h27cfd23_2.tar.bz2#88a17ff50950d940ef46d6afd38aff76
https://conda.anaconda.org/conda-forge/noarch/pluggy-1.0.0-pyhd8ed1ab_5.tar.bz2#7d301a0d25f424d96175f810935f0da9
https://conda.anaconda.org/intel/linux-64/pillow-9.2.0-py39hace64e9_1.tar.bz2#f916184be2f9f18cb1add691f7588d57
https://conda.anaconda.org/psi4/linux-64/pcmsolver-1.2.1.1-py39h92d4acf_3.tar.bz2#67f527cfbf2644e1e0da043e47dc65b1
https://conda.anaconda.org/intel/noarch/networkx-2.6.2-pyhd3eb1b0_2.tar.bz2#11327833c8b3a131b748deeb5d96f2f4
https://conda.anaconda.org/intel/noarch/munkres-1.1.4-py_0.tar.bz2#67857cc5e9044770d2b15f9d94a4521d
https://conda.anaconda.org/intel/linux-64/msgpack-python-1.0.2-py39hff7bd54_1.tar.bz2#ee72480d9ca4295ade12528993f5db8f
https://conda.anaconda.org/intel/linux-64/kiwisolver-1.4.2-py39h295c915_0.tar.bz2#81b969d1a00153759b30554a1f11ddfd
https://conda.anaconda.org/conda-forge/noarch/iniconfig-2.0.0-pyhd8ed1ab_0.conda#f800d2da156d08e289b14e87e43c1ae5
https://conda.anaconda.org/intel/linux-64/greenlet-1.1.1-py39h295c915_0.tar.bz2#25022550ce757bd599f58d02c14c8ad2
https://conda.anaconda.org/conda-forge/noarch/exceptiongroup-1.1.0-pyhd8ed1ab_0.conda#a385c3e8968b4cf8fbc426ace915fd1a
https://conda.anaconda.org/intel/noarch/cycler-0.11.0-pyhd3eb1b0_0.tar.bz2#dfb0ca8055c9a72aaca7b845a6edea17
https://conda.anaconda.org/intel/noarch/colorama-0.4.4-pyhd3eb1b0_0.tar.bz2#e1f1311b37041e7a099a7a3c09106a13
https://conda.anaconda.org/intel/noarch/attrs-21.4.0-pyhd3eb1b0_0.tar.bz2#718e897afa9f595cfe33461c0685d4da
https://conda.anaconda.org/intel/noarch/importlib_resources-5.2.0-pyhd3eb1b0_1.tar.bz2#9ee599c577f43ad0eb6426f83d061d35
https://conda.anaconda.org/conda-forge/noarch/importlib-metadata-6.0.0-pyha770c72_0.conda#691644becbcdca9f73243450b1c63e62
https://conda.anaconda.org/conda-forge/noarch/typing-extensions-4.4.0-hd8ed1ab_0.tar.bz2#be969210b61b897775a0de63cd9e9026
https://conda.anaconda.org/intel/linux-64/python-dateutil-2.8.2-py39_2.tar.bz2#1dca484d5af402978804f3fcc858fd2a
https://conda.anaconda.org/conda-forge/linux-64/pycairo-1.23.0-py39h23c5bb2_0.conda#fe13458dcc5300831e728e92530d1e40
https://conda.anaconda.org/conda-forge/linux-64/numpy-1.24.1-py39h7360e5f_0.conda#fe323c95f3171bd137a7f10d261847a6
https://conda.anaconda.org/conda-forge/linux-64/mkl-service-2.4.0-py39h7e14d7c_0.tar.bz2#f7ef1131ed33eb2f7ef0a5847a8fb143
https://conda.anaconda.org/intel/noarch/packaging-21.3-pyhd3eb1b0_0.tar.bz2#e482aa236f5541461d285cc979323035
https://conda.anaconda.org/intel/linux-64/cffi-1.15.1-py39h74dc2b5_0.tar.bz2#2953f22399cb56381016d7a039d0c5ac
https://conda.anaconda.org/conda-forge/linux-64/reportlab-3.6.12-py39h8bbe095_2.conda#16d1fb8ff4662784d8433793b2b6a631
https://conda.anaconda.org/intel/noarch/fonttools-4.25.0-pyhd3eb1b0_0.tar.bz2#9eff1a842dbda8d1bae9a2c008b599bc
https://conda.anaconda.org/intel/linux-64/sqlalchemy-1.4.27-py39h7f8727e_0.tar.bz2#79bd4073dc85f2d136517ae0da307df2
https://conda.anaconda.org/conda-forge/noarch/importlib_metadata-6.0.0-hd8ed1ab_0.conda#a67d43e1527a37199dd8db913366f68e
https://conda.anaconda.org/conda-forge/linux-64/pydantic-1.10.4-py39h72bdee0_1.conda#80592d1fbd412e21cf62a0b3546aef58
https://conda.anaconda.org/conda-forge/linux-64/scipy-1.5.3-py39hf3f25e7_0.tar.bz2#e7ba763589d15978af648ee1f915826e
https://conda.anaconda.org/intel/linux-64/pandas-1.5.1-py39h849917f_0.tar.bz2#a30234fa9ede943f6d8d3d404e33e6e0
https://conda.anaconda.org/conda-forge/linux-64/boost-1.74.0-py39h5472131_5.tar.bz2#c118da636fc154f15af6d83f5f5d087c
https://conda.anaconda.org/psi4/linux-64/chemps2-1.8.11-hbe8a562_0.tar.bz2#862992bba62df30b5746897930787583
https://conda.anaconda.org/psi4/linux-64/ambit-0.6-py39h53dec33_2.tar.bz2#ff022bb07768d5c2db1e7ba19ea3482e
https://conda.anaconda.org/conda-forge/noarch/pytest-7.2.1-pyhd8ed1ab_0.conda#f0be05afc9c9ab45e273c088e00c258b
https://conda.anaconda.org/conda-forge/linux-64/xtb-python-20.2-py39hbd71b63_2.tar.bz2#602538745981300a2b1ff535f47ddcdd
https://conda.anaconda.org/intel/linux-64/matplotlib-base-3.4.3-py39hbbc1b5f_0.tar.bz2#ae42a893749027b8ffd6475904467fcc
https://conda.anaconda.org/psi4/noarch/pint-0.17-pyhd8ed1ab_0.tar.bz2#7a334c0cd901ae380ab30285ad2a4b8a
https://conda.anaconda.org/conda-forge/linux-64/rdkit-2022.09.1-py39h79face8_0.tar.bz2#8f958169f854cd28edd005923f5a1741
https://conda.anaconda.org/psi4/noarch/qcelemental-0.25.1-pyhd8ed1ab_1.tar.bz2#a9afb4f40aaf6e908cdd7f02baafc0e1
https://conda.anaconda.org/psi4/noarch/qcengine-0.26.0-pyhd8ed1ab_0.conda#3c348ad3f57c14ef01b4a8a84ee8e9ab
https://conda.anaconda.org/psi4/noarch/optking-0.2.1-pyhbc12335_1.tar.bz2#20bb79c59a13a7e7d432f23f09465d9a
https://conda.anaconda.org/psi4/linux-64/psi4-1.7+6ce35a5-py39hb8090b1_1.tar.bz2#4e69244514390fbab6216ebb7cdc5a4c
