# This file may be used to create an environment using:
# $ conda create --name <env> --file <this file>
# platform: linux-64
@EXPLICIT
https://conda.anaconda.org/conda-forge/linux-64/_libgcc_mutex-0.1-conda_forge.tar.bz2#d7c89558ba9fa0495403155b64376d81
https://conda.anaconda.org/conda-forge/linux-64/llvm-openmp-19.1.7-h024ca30_0.conda#9915f85a72472011550550623cce2d53
https://conda.anaconda.org/conda-forge/linux-64/_openmp_mutex-4.5-2_kmp_llvm.tar.bz2#562b26ba2e19059551a811e72ab7f793
https://conda.anaconda.org/conda-forge/linux-64/libgcc-14.2.0-h767d61c_2.conda#ef504d1acbd74b7cc6849ef8af47dd03
https://conda.anaconda.org/conda-forge/linux-64/libgcc-ng-14.2.0-h69a702a_2.conda#a2222a6ada71fb478682efe483ce0f92
https://conda.anaconda.org/conda-forge/linux-64/bzip2-1.0.8-h4bc722e_7.conda#62ee74e96c5ebb0af99386de58cf9553
https://conda.anaconda.org/conda-forge/linux-64/ld_impl_linux-64-2.43-h712a8e2_4.conda#01f8d123c96816249efd255a31ad7712
https://conda.anaconda.org/conda-forge/linux-64/libexpat-2.6.4-h5888daf_0.conda#db833e03127376d461e1e13e76f09b6c
https://conda.anaconda.org/conda-forge/linux-64/libffi-3.4.6-h2dba641_0.conda#e3eb7806380bc8bcecba6d749ad5f026
https://conda.anaconda.org/conda-forge/linux-64/liblzma-5.6.4-hb9d3cd8_0.conda#42d5b6a0f30d3c10cd88cb8584fda1cb
https://conda.anaconda.org/conda-forge/linux-64/libnsl-2.0.1-hd590300_0.conda#30fd6e37fe21f86f4bd26d6ee73eeec7
https://conda.anaconda.org/conda-forge/linux-64/libzlib-1.3.1-hb9d3cd8_2.conda#edb0dca6bc32e4f4789199455a1dbeb8
https://conda.anaconda.org/conda-forge/linux-64/libsqlite-3.49.1-hee588c1_1.conda#73cea06049cc4174578b432320a003b8
https://conda.anaconda.org/conda-forge/linux-64/libuuid-2.38.1-h0b41bf4_0.conda#40b61aab5c7ba9ff276c41cfffe6b80b
https://conda.anaconda.org/conda-forge/linux-64/libxcrypt-4.4.36-hd590300_1.conda#5aa797f8787fe7a17d1b0821485b5adc
https://conda.anaconda.org/conda-forge/linux-64/ncurses-6.5-h2d0b736_3.conda#47e340acb35de30501a76c7c799c41d7
https://conda.anaconda.org/conda-forge/linux-64/ca-certificates-2025.1.31-hbcca054_0.conda#19f3a56f68d2fd06c516076bff482c52
https://conda.anaconda.org/conda-forge/linux-64/openssl-3.4.1-h7b32b05_0.conda#41adf927e746dc75ecf0ef841c454e48
https://conda.anaconda.org/conda-forge/linux-64/readline-8.2-h8c095d6_2.conda#283b96675859b20a825f8fa30f311446
https://conda.anaconda.org/conda-forge/linux-64/tk-8.6.13-noxft_h4845f30_101.conda#d453b98d9c83e71da0741bb0ff4d76bc
https://conda.anaconda.org/conda-forge/noarch/tzdata-2025a-h78e105d_0.conda#dbcace4706afdfb7eb891f7b37d07c04
https://conda.anaconda.org/conda-forge/linux-64/python-3.12.9-h9e4cc4f_0_cpython.conda#5665f0079432f8848079c811cdb537d5
https://conda.anaconda.org/conda-forge/noarch/typing_extensions-4.12.2-pyha770c72_1.conda#d17f13df8b65464ca316cbc000a3cb64
https://conda.anaconda.org/conda-forge/noarch/typing-extensions-4.12.2-hd8ed1ab_1.conda#b6a408c64b78ec7b779a3e5c7a902433
https://conda.anaconda.org/conda-forge/noarch/annotated-types-0.7.0-pyhd8ed1ab_1.conda#2934f256a8acfe48f6ebb4fce6cde29c
https://conda.anaconda.org/conda-forge/linux-64/libstdcxx-14.2.0-h8f9b012_2.conda#a78c856b6dc6bf4ea8daeb9beaaa3fb0
https://conda.anaconda.org/conda-forge/linux-64/libstdcxx-ng-14.2.0-h4852527_2.conda#c75da67f045c2627f59e6fcb5f4e3a9b
https://conda.anaconda.org/conda-forge/linux-64/icu-75.1-he02047a_0.conda#8b189310083baabfb622af68fd9d3ae3
https://conda.anaconda.org/conda-forge/linux-64/libiconv-1.18-h4ce23a2_1.conda#e796ff8ddc598affdf7c173d6145f087
https://conda.anaconda.org/conda-forge/linux-64/libxml2-2.13.6-h8d12d68_0.conda#328382c0e0ca648e5c189d5ec336c604
https://conda.anaconda.org/conda-forge/linux-64/libhwloc-2.11.2-default_h0d58e46_1001.conda#804ca9e91bcaea0824a341d55b1684f2
https://conda.anaconda.org/conda-forge/linux-64/tbb-2021.13.0-hceb3a55_1.conda#ba7726b8df7b9d34ea80e82b097a4893
https://conda.anaconda.org/conda-forge/linux-64/mkl-2023.2.0-h84fe81f_50496.conda#81d4a1a57d618adf0152db973d93b2ad
https://conda.anaconda.org/conda-forge/linux-64/libblas-3.9.0-20_linux64_mkl.conda#8bf521f6007b0b0eb91515a1165b5d85
https://conda.anaconda.org/conda-forge/linux-64/libcblas-3.9.0-20_linux64_mkl.conda#7a2972758a03adc92d856072c71c9170
https://conda.anaconda.org/conda-forge/linux-64/liblapack-3.9.0-20_linux64_mkl.conda#4db0cd03efcdab535f6f066aca4cddbb
https://conda.anaconda.org/conda-forge/linux-64/liblapacke-3.9.0-20_linux64_mkl.conda#3dea5e9be386b963d7f4368966e238b3
https://conda.anaconda.org/conda-forge/linux-64/mkl-include-2023.2.0-h84fe81f_50496.conda#7af9fd0b2d7219f4a4200a34561340f6
https://conda.anaconda.org/conda-forge/linux-64/mkl-devel-2023.2.0-ha770c72_50496.conda#3b4c50e31ff098b18a450e4f5f860adf
https://conda.anaconda.org/conda-forge/linux-64/blas-devel-3.9.0-20_linux64_mkl.conda#079d50df2338a3d47522d7e84c3dfbf6
https://conda.anaconda.org/conda-forge/linux-64/libgfortran5-14.2.0-hf1ad2bd_2.conda#556a4fdfac7287d349b8f09aba899693
https://conda.anaconda.org/conda-forge/linux-64/libgfortran-14.2.0-h69a702a_2.conda#fb54c4ea68b460c278d26eea89cfbcc3
https://conda.anaconda.org/conda-forge/linux-64/libgfortran-ng-14.2.0-h69a702a_2.conda#4056c857af1a99ee50589a941059ec55
https://conda.anaconda.org/conda-forge/linux-64/blas-2.120-mkl.conda#9444330235a4828878cbe9c897ba0aa3
https://conda.anaconda.org/conda-forge/linux-64/libbrotlicommon-1.1.0-hb9d3cd8_2.conda#41b599ed2b02abcfdd84302bff174b23
https://conda.anaconda.org/conda-forge/linux-64/libbrotlidec-1.1.0-hb9d3cd8_2.conda#9566f0bd264fbd463002e759b8a82401
https://conda.anaconda.org/conda-forge/linux-64/libbrotlienc-1.1.0-hb9d3cd8_2.conda#06f70867945ea6a84d35836af780f1de
https://conda.anaconda.org/conda-forge/linux-64/brotli-bin-1.1.0-hb9d3cd8_2.conda#c63b5e52939e795ba8d26e35d767a843
https://conda.anaconda.org/conda-forge/linux-64/brotli-1.1.0-hb9d3cd8_2.conda#98514fe74548d768907ce7a13f680e8f
https://conda.anaconda.org/conda-forge/linux-64/libpng-1.6.47-h943b412_0.conda#55199e2ae2c3651f6f9b2a447b47bdc9
https://conda.anaconda.org/conda-forge/linux-64/freetype-2.12.1-h267a509_2.conda#9ae35c3d96db2c94ce0cef86efdfa2cb
https://conda.anaconda.org/conda-forge/linux-64/fontconfig-2.15.0-h7e30c49_1.conda#8f5b0b297b59e1ac160ad4beec99dbee
https://conda.anaconda.org/conda-forge/noarch/font-ttf-dejavu-sans-mono-2.37-hab24e00_0.tar.bz2#0c96522c6bdaed4b1566d11387caaf45
https://conda.anaconda.org/conda-forge/noarch/font-ttf-inconsolata-3.000-h77eed37_0.tar.bz2#34893075a5c9e55cdafac56607368fc6
https://conda.anaconda.org/conda-forge/noarch/font-ttf-source-code-pro-2.038-h77eed37_0.tar.bz2#4d59c254e01d9cde7957100457e2d5fb
https://conda.anaconda.org/conda-forge/noarch/font-ttf-ubuntu-0.83-h77eed37_3.conda#49023d73832ef61042f6a237cb2687e7
https://conda.anaconda.org/conda-forge/noarch/fonts-conda-forge-1-0.tar.bz2#f766549260d6815b0c52253f1fb1bb29
https://conda.anaconda.org/conda-forge/noarch/fonts-conda-ecosystem-1-0.tar.bz2#fee5683a3f04bd15cbd8318b096a27ab
https://conda.anaconda.org/conda-forge/linux-64/pcre2-10.44-hba22ea6_2.conda#df359c09c41cd186fffb93a2d87aa6f5
https://conda.anaconda.org/conda-forge/linux-64/libglib-2.82.2-h2ff4ddf_1.conda#37d1af619d999ee8f1f73cf5a06f4e2f
https://conda.anaconda.org/conda-forge/linux-64/pthread-stubs-0.4-hb9d3cd8_1002.conda#b3c17d95b5a10c6e64a21fa17573e70e
https://conda.anaconda.org/conda-forge/linux-64/xorg-libxau-1.0.12-hb9d3cd8_0.conda#f6ebe2cb3f82ba6c057dde5d9debe4f7
https://conda.anaconda.org/conda-forge/linux-64/xorg-libxdmcp-1.1.5-hb9d3cd8_0.conda#8035c64cb77ed555e3f150b7b3972480
https://conda.anaconda.org/conda-forge/linux-64/libxcb-1.17.0-h8a09558_0.conda#92ed62436b625154323d40d5f2f11dd7
https://conda.anaconda.org/conda-forge/linux-64/pixman-0.44.2-h29eaf8c_0.conda#5e2a7acfa2c24188af39e7944e1b3604
https://conda.anaconda.org/conda-forge/linux-64/xorg-libice-1.1.2-hb9d3cd8_0.conda#fb901ff28063514abb6046c9ec2c4a45
https://conda.anaconda.org/conda-forge/linux-64/xorg-libsm-1.2.5-he73a12e_0.conda#4c3e9fab69804ec6077697922d70c6e2
https://conda.anaconda.org/conda-forge/linux-64/xorg-libx11-1.8.11-h4f16b4b_0.conda#b6eb6d0cb323179af168df8fe16fb0a1
https://conda.anaconda.org/conda-forge/linux-64/xorg-libxext-1.3.6-hb9d3cd8_0.conda#febbab7d15033c913d53c7a2c102309d
https://conda.anaconda.org/conda-forge/linux-64/xorg-libxrender-0.9.12-hb9d3cd8_0.conda#96d57aba173e878a2089d5638016dc5e
https://conda.anaconda.org/conda-forge/linux-64/cairo-1.18.2-h3394656_1.conda#b34c2833a1f56db610aeb27f206d800d
https://conda.anaconda.org/conda-forge/noarch/pycparser-2.22-pyh29332c3_1.conda#12c566707c80111f9799308d9e265aef
https://conda.anaconda.org/conda-forge/linux-64/python_abi-3.12-5_cp312.conda#0424ae29b104430108f5218a66db7260
https://conda.anaconda.org/conda-forge/linux-64/cffi-1.17.1-py312h06ac9bb_0.conda#a861504bbea4161a9170b85d4d2be840
https://conda.anaconda.org/conda-forge/linux-64/chardet-5.2.0-py312h7900ff3_2.conda#01b1679726675bf49851cdb507de4a24
https://conda.anaconda.org/conda-forge/linux-64/numpy-2.2.3-py312h72c5963_0.conda#d117e16d71afa469ea26c3d6896291da
https://conda.anaconda.org/conda-forge/linux-64/contourpy-1.3.1-py312h68727a3_0.conda#f5fbba0394ee45e9a64a73c2a994126a
https://conda.anaconda.org/conda-forge/linux-64/mctc-lib-0.3.2-h3b12eaf_1.conda#4db049c233717ffc1dac2016fd95cf49
https://conda.anaconda.org/conda-forge/linux-64/multicharge-0.3.0-hc15f34f_1.conda#874cf992218b0a44e804e43eaa86e9d9
https://conda.anaconda.org/conda-forge/linux-64/dftd4-3.7.0-hc15f34f_3.conda#da9bb20b9cd653ec5852cc41229c27c0
https://conda.anaconda.org/conda-forge/linux-64/toml-f-0.4.2-h3b12eaf_2.conda#d5f14e24fcbe1c398c3291db520d0141
https://conda.anaconda.org/conda-forge/linux-64/simple-dftd3-1.2.1-h3b12eaf_0.conda#f0c7765e3a15c1f553f87d4eee003470
https://conda.anaconda.org/conda-forge/linux-64/tblite-0.4.0-hc15f34f_1.conda#b07f5e07168f8a68e23288f453920b9c
https://conda.anaconda.org/conda-forge/linux-64/xtb-6.7.1-hc15f34f_2.conda#95b67966e26ff3bf5951927dda714294
https://conda.anaconda.org/conda-forge/linux-64/crest-3.0.2-hc15f34f_0.conda#16a18578d799e7d30c3baae2d5ed2ab2
https://conda.anaconda.org/conda-forge/noarch/cycler-0.12.1-pyhd8ed1ab_1.conda#44600c4667a319d67dbe0681fc0bc833
https://conda.anaconda.org/conda-forge/linux-64/keyutils-1.6.1-h166bdaf_0.tar.bz2#30186d27e2c9fa62b45fb1476b7200e3
https://conda.anaconda.org/conda-forge/linux-64/libedit-3.1.20250104-pl5321h7949ede_0.conda#c277e0a4d549b03ac1e9d6cbbe3d017b
https://conda.anaconda.org/conda-forge/linux-64/krb5-1.21.3-h659f571_0.conda#3f43953b7d3fb3aaa1d0d0723d91e368
https://conda.anaconda.org/conda-forge/linux-64/libntlm-1.8-hb9d3cd8_0.conda#7c7927b404672409d9917d49bff5f2d6
https://conda.anaconda.org/conda-forge/linux-64/cyrus-sasl-2.1.27-h54b06d7_7.conda#dce22f70b4e5a407ce88f2be046f4ceb
https://conda.anaconda.org/psi4/linux-64/dftd3-3.2.1-h84218bc_2.tar.bz2#d0f68439ef355e10d6e4954cf4645685
https://conda.anaconda.org/conda-forge/linux-64/dkh-1.2-h168aa07_2.conda#306c15b6a4428c61b35d0a6ce44a5c24
https://conda.anaconda.org/conda-forge/noarch/flexcache-0.3-pyhd8ed1ab_1.conda#f1e618f2f783427019071b14a111b30d
https://conda.anaconda.org/conda-forge/noarch/flexparser-0.4-pyhd8ed1ab_1.conda#6dc4e43174cd552452fdb8c423e90e69
https://conda.anaconda.org/conda-forge/noarch/munkres-1.1.4-pyh9f0ad1d_0.tar.bz2#2ba8498c1018c1e9c61eb99b973dfe19
https://conda.anaconda.org/conda-forge/linux-64/unicodedata2-16.0.0-py312h66e93f0_0.conda#617f5d608ff8c28ad546e5d9671cbb95
https://conda.anaconda.org/conda-forge/linux-64/fonttools-4.56.0-py312h178313f_0.conda#2f8a66f2f9eb931cdde040d02c6ab54c
https://conda.anaconda.org/conda-forge/noarch/freetype-py-2.3.0-pyhd8ed1ab_0.tar.bz2#e4a165cdbbaed5bbb6e653b823156151
https://conda.anaconda.org/conda-forge/linux-64/gau2grid-2.0.7-h4bc722e_4.conda#d440fe74953c5f7c0cdc7c649f04aede
https://conda.anaconda.org/conda-forge/linux-64/greenlet-3.1.1-py312h2ec8cdc_1.conda#38c2f46af8b45f914f55911006cd7056
https://conda.anaconda.org/conda-forge/linux-64/kiwisolver-1.4.8-py312h84d6215_0.conda#6713467dc95509683bfa3aca08524e8a
https://conda.anaconda.org/conda-forge/linux-64/libjpeg-turbo-3.0.0-hd590300_1.conda#ea25936bb4080d843790b586850f82b8
https://conda.anaconda.org/conda-forge/linux-64/lerc-4.0.0-h27087fc_0.tar.bz2#76bbff344f0134279f225174e9064c8f
https://conda.anaconda.org/conda-forge/linux-64/libdeflate-1.23-h4ddbbb0_0.conda#8dfae1d2e74767e9ce36d5fa0d8605db
https://conda.anaconda.org/conda-forge/linux-64/libwebp-base-1.5.0-h851e524_0.conda#63f790534398730f59e1b899c3644d4a
https://conda.anaconda.org/conda-forge/linux-64/zstd-1.5.7-hb8e6e7a_1.conda#02e4e2fa41a6528afba2e54cbc4280ff
https://conda.anaconda.org/conda-forge/linux-64/libtiff-4.7.0-hd9ff511_3.conda#0ea6510969e1296cc19966fad481f6de
https://conda.anaconda.org/conda-forge/linux-64/lcms2-2.17-h717163a_0.conda#000e85703f0fd9594c81710dd5066471
https://conda.anaconda.org/conda-forge/linux-64/libboost-1.86.0-h6c02f8c_3.conda#eead4e74198698d1c74f06572af753bc
https://conda.anaconda.org/conda-forge/linux-64/libboost-python-1.86.0-py312hc39e661_3.conda#99acbdbbd31f223f9ce0ef4fca944d1c
https://conda.anaconda.org/conda-forge/linux-64/pugixml-1.14-h59595ed_0.conda#2c97dd90633508b422c11bd3018206ab
https://conda.anaconda.org/conda-forge/linux-64/libecpint-1.0.7-h5c03a75_11.conda#52eaf1b962359e57a442a19c31d4e10b
https://conda.anaconda.org/conda-forge/linux-64/libint-2.9.0-h23769fb_2.conda#63413ec11480ac2d951d1022967e3cc9
https://conda.anaconda.org/conda-forge/linux-64/libpcm-1.2.3-hdca9e5a_14.conda#9f32825808c11dce9997fda4fe11c278
https://conda.anaconda.org/conda-forge/linux-64/openldap-2.6.9-he970967_0.conda#ca2de8bbdc871bce41dbf59e51324165
https://conda.anaconda.org/conda-forge/linux-64/libpq-17.4-h27ae623_0.conda#d67f3f3c33344ff3e9ef5270001e9011
https://conda.anaconda.org/conda-forge/linux-64/librdkit-2024.09.5-h84b0b3c_0.conda#fbabea91f97a988c9f6e8d8b974e5fcb
https://conda.anaconda.org/conda-forge/linux-64/libxc-c-7.0.0-cpu_h20a523f_2.conda#3e50610087308148fdff3c17f0470d08
https://conda.anaconda.org/conda-forge/noarch/packaging-24.2-pyhd8ed1ab_2.conda#3bfed7e6228ebf2f7b9eaa47f1b4e2aa
https://conda.anaconda.org/conda-forge/linux-64/openjpeg-2.5.3-h5fbd93e_0.conda#9e5816bc95d285c115a3ebc2f8563564
https://conda.anaconda.org/conda-forge/linux-64/pillow-11.1.0-py312h80c1187_0.conda#d3894405f05b2c0f351d5de3ae26fa9c
https://conda.anaconda.org/conda-forge/noarch/pyparsing-3.2.1-pyhd8ed1ab_0.conda#285e237b8f351e85e7574a2c7bfa6d46
https://conda.anaconda.org/conda-forge/noarch/six-1.17.0-pyhd8ed1ab_0.conda#a451d576819089b0d672f18768be0f65
https://conda.anaconda.org/conda-forge/noarch/python-dateutil-2.9.0.post0-pyhff2d567_1.conda#5ba79d7c71f03c678c8ead841f347d6e
https://conda.anaconda.org/conda-forge/linux-64/qhull-2020.2-h434a139_5.conda#353823361b1d27eb3960efb076dfcaf6
https://conda.anaconda.org/conda-forge/linux-64/matplotlib-base-3.10.0-py312hd3ec401_0.conda#c27a17a8c54c0d35cf83bbc0de8f7f77
https://conda.anaconda.org/conda-forge/linux-64/msgpack-python-1.1.0-py312h68727a3_0.conda#5c9b020a3f86799cdc6115e55df06146
https://conda.anaconda.org/conda-forge/noarch/networkx-3.4.2-pyh267e887_2.conda#fd40bf7f7f4bc4b647dc8512053d9873
https://conda.anaconda.org/conda-forge/noarch/platformdirs-4.3.6-pyhd8ed1ab_1.conda#577852c7e53901ddccc7e6a9959ddebe
https://conda.anaconda.org/conda-forge/noarch/pint-0.24.4-pyhd8ed1ab_1.conda#a566694ac0ab8f25e7f40a5d24070a1a
https://conda.anaconda.org/conda-forge/linux-64/pydantic-core-2.27.2-py312h12e396e_0.conda#bae01b2563030c085f5158c518b84e86
https://conda.anaconda.org/conda-forge/noarch/pydantic-2.10.6-pyh3cfb1c2_0.conda#c69f87041cf24dfc8cb6bf64ca7133c7
https://conda.anaconda.org/conda-forge/noarch/qcelemental-0.29.0-pyhd8ed1ab_0.conda#876eff8ef60330973de466c1b2e6dcb0
https://conda.anaconda.org/conda-forge/linux-64/psutil-6.1.1-py312h66e93f0_0.conda#add2c79595fa8a9b6d653d7e4e2cf05f
https://conda.anaconda.org/conda-forge/noarch/py-cpuinfo-9.0.0-pyhd8ed1ab_1.conda#46830ee16925d5ed250850503b5dc3a8
https://conda.anaconda.org/conda-forge/linux-64/yaml-0.2.5-h7f98852_2.tar.bz2#4cb3ad778ec2d5a7acbdf254eb1c42ae
https://conda.anaconda.org/conda-forge/linux-64/pyyaml-6.0.2-py312h178313f_2.conda#cf2485f39740de96e2a7f2bb18ed2fee
https://conda.anaconda.org/conda-forge/noarch/setuptools-75.8.0-pyhff2d567_0.conda#8f28e299c11afdd79e0ec1e279dcdc52
https://conda.anaconda.org/conda-forge/noarch/qcengine-0.31.0-pyhd8ed1ab_0.conda#c6b4cc660a0d30a089d8ec0ede435c51
https://conda.anaconda.org/conda-forge/noarch/optking-0.3.0-pyhd8ed1ab_0.conda#5f6ef1d03d6b899e7a78d5455c2ae155
https://conda.anaconda.org/conda-forge/noarch/python-tzdata-2025.1-pyhd8ed1ab_0.conda#392c91c42edd569a7ec99ed8648f597a
https://conda.anaconda.org/conda-forge/noarch/pytz-2024.1-pyhd8ed1ab_0.conda#3eeeeb9e4827ace8c0c1419c85d590ad
https://conda.anaconda.org/conda-forge/linux-64/pandas-2.2.3-py312hf9745cd_1.conda#8bce4f6caaf8c5448c7ac86d87e26b4b
https://conda.anaconda.org/conda-forge/noarch/pcmsolver-1.2.3-py_14.conda#8d4ffbb845b2a9431f769ec01c7d0edd
https://conda.anaconda.org/conda-forge/noarch/wheel-0.45.1-pyhd8ed1ab_1.conda#75cb7132eb58d97896e173ef12ac9986
https://conda.anaconda.org/conda-forge/noarch/pip-25.0.1-pyh8b19718_0.conda#79b5c1440aedc5010f687048d9103628
https://conda.anaconda.org/conda-forge/noarch/pybind11-abi-4-hd8ed1ab_3.tar.bz2#878f923dd6acc8aeb47a75da6c4098be
https://conda.anaconda.org/conda-forge/linux-64/scipy-1.15.2-py312ha707e6e_0.conda#00b999c5f9d01fb633db819d79186bd4
https://conda.anaconda.org/conda-forge/linux-64/psi4-1.9.1-py312ha9da0b5_8.conda#88a52ea85b71452bae9e0c93197cf789
https://conda.anaconda.org/conda-forge/linux-64/pycairo-1.27.0-py312h51b637d_0.conda#ad96d00e45051d1b26e563b1e0ae7b70
https://conda.anaconda.org/conda-forge/noarch/rlpycairo-0.2.0-pyhd8ed1ab_0.conda#71d8c309e4e5c13d8f4113b5a394e633
https://conda.anaconda.org/conda-forge/linux-64/reportlab-4.3.1-py312h66e93f0_0.conda#300ed6d0b0bb072f0a70ad0337dcbbeb
https://conda.anaconda.org/conda-forge/linux-64/sqlalchemy-2.0.38-py312h66e93f0_0.conda#91e345de80d0dc238b598683b69da123
https://conda.anaconda.org/conda-forge/linux-64/rdkit-2024.09.5-py312h07adbc5_0.conda#1ce734ed48e09df162f2642b8ac0191f
https://conda.anaconda.org/conda-forge/linux-64/redis-server-7.4.0-h3400bea_0.conda#760201d7400454ccb03990b928d2a377
https://conda.anaconda.org/conda-forge/linux-64/xtb-python-22.1-py312h66e93f0_2.conda#47544975fbd2a29d3e98ff859ace0893
